
Microsoft Visual Studio Solution File, Format Version 12.00
# Visual Studio Version 16
VisualStudioVersion = 16.0.810.17
MinimumVisualStudioVersion = 10.0.40219.1
Project("{FAE04EC0-301F-11D3-BF4B-00C04F79EFBC}") = "Lesson_5.2", "Lesson_5.2\Lesson_5.2.csproj", "{EC5E444F-D0FC-4F99-B89E-A4EF753BBFD9}"
EndProject
Global
	GlobalSection(SolutionConfigurationPlatforms) = preSolution
		Debug|anycpu = Debug|anycpu
		Release|anycpu = Release|anycpu
	EndGlobalSection
	GlobalSection(ProjectConfigurationPlatforms) = postSolution
		{EC5E444F-D0FC-4F99-B89E-A4EF753BBFD9}.Debug|anycpu.ActiveCfg = Debug|anycpu
		{EC5E444F-D0FC-4F99-B89E-A4EF753BBFD9}.Debug|anycpu.Build.0 = Debug|anycpu
		{EC5E444F-D0FC-4F99-B89E-A4EF753BBFD9}.Release|anycpu.ActiveCfg = Release|anycpu
		{EC5E444F-D0FC-4F99-B89E-A4EF753BBFD9}.Release|anycpu.Build.0 = Release|anycpu
	EndGlobalSection
	GlobalSection(SolutionProperties) = preSolution
		HideSolutionNode = FALSE
	EndGlobalSection
	GlobalSection(ExtensibilityGlobals) = postSolution
		SolutionGuid = {399D2C57-7ECF-4355-87CD-62CA172189C9}
	EndGlobalSection
EndGlobal
